
Microsoft Visual Studio Solution File, Format Version 12.00
# Visual Studio Version 17
VisualStudioVersion = 17.6.33829.357
MinimumVisualStudioVersion = 10.0.40219.1
Project("{FAE04EC0-301F-11D3-BF4B-00C04F79EFBC}") = "caQuestão1", "caQuestão1\caQuestão1.csproj", "{D817493E-064C-4AAA-A938-0938DA12336A}"
EndProject
Global
	GlobalSection(SolutionConfigurationPlatforms) = preSolution
		Debug|Any CPU = Debug|Any CPU
		Release|Any CPU = Release|Any CPU
	EndGlobalSection
	GlobalSection(ProjectConfigurationPlatforms) = postSolution
		{D817493E-064C-4AAA-A938-0938DA12336A}.Debug|Any CPU.ActiveCfg = Debug|Any CPU
		{D817493E-064C-4AAA-A938-0938DA12336A}.Debug|Any CPU.Build.0 = Debug|Any CPU
		{D817493E-064C-4AAA-A938-0938DA12336A}.Release|Any CPU.ActiveCfg = Release|Any CPU
		{D817493E-064C-4AAA-A938-0938DA12336A}.Release|Any CPU.Build.0 = Release|Any CPU
	EndGlobalSection
	GlobalSection(SolutionProperties) = preSolution
		HideSolutionNode = FALSE
	EndGlobalSection
	GlobalSection(ExtensibilityGlobals) = postSolution
		SolutionGuid = {87D49425-D14D-466D-93E9-0389485EE856}
	EndGlobalSection
EndGlobal
